
Microsoft Visual Studio Solution File, Format Version 12.00
# Visual Studio Version 17
VisualStudioVersion = 17.4.33110.190
MinimumVisualStudioVersion = 10.0.40219.1
Project("{FAE04EC0-301F-11D3-BF4B-00C04F79EFBC}") = "ConsoleAppCRUD", "ConsoleAppCRUD.csproj", "{5107A393-3D3B-42A2-973C-31C84F78D1A4}"
EndProject
Global
	GlobalSection(SolutionConfigurationPlatforms) = preSolution
		Debug|Any CPU = Debug|Any CPU
		Release|Any CPU = Release|Any CPU
	EndGlobalSection
	GlobalSection(ProjectConfigurationPlatforms) = postSolution
		{5107A393-3D3B-42A2-973C-31C84F78D1A4}.Debug|Any CPU.ActiveCfg = Debug|Any CPU
		{5107A393-3D3B-42A2-973C-31C84F78D1A4}.Debug|Any CPU.Build.0 = Debug|Any CPU
		{5107A393-3D3B-42A2-973C-31C84F78D1A4}.Release|Any CPU.ActiveCfg = Release|Any CPU
		{5107A393-3D3B-42A2-973C-31C84F78D1A4}.Release|Any CPU.Build.0 = Release|Any CPU
	EndGlobalSection
	GlobalSection(SolutionProperties) = preSolution
		HideSolutionNode = FALSE
	EndGlobalSection
	GlobalSection(ExtensibilityGlobals) = postSolution
		SolutionGuid = {9FD709F3-8153-4F47-B6BD-22530A338D7C}
	EndGlobalSection
EndGlobal
